// !$*UTF8*$!
{
	archiveVersion = 1;
	classes = {
	};
	objectVersion = 46;
	objects = {

/* Begin PBXBuildFile section */
		B53A7A691886E062005EAC49 /* Foundation.framework in Frameworks */ = {isa = PBXBuildFile; fileRef = B53A7A681886E062005EAC49 /* Foundation.framework */; };
		B53A7A6B1886E062005EAC49 /* CoreGraphics.framework in Frameworks */ = {isa = PBXBuildFile; fileRef = B53A7A6A1886E062005EAC49 /* CoreGraphics.framework */; };
		B53A7A6D1886E062005EAC49 /* UIKit.framework in Frameworks */ = {isa = PBXBuildFile; fileRef = B53A7A6C1886E062005EAC49 /* UIKit.framework */; };
		B53A7A731886E062005EAC49 /* InfoPlist.strings in Resources */ = {isa = PBXBuildFile; fileRef = B53A7A711886E062005EAC49 /* InfoPlist.strings */; };
		B53A7A751886E062005EAC49 /* main.m in Sources */ = {isa = PBXBuildFile; fileRef = B53A7A741886E062005EAC49 /* main.m */; };
		B53A7A791886E062005EAC49 /* TWAppDelegate.m in Sources */ = {isa = PBXBuildFile; fileRef = B53A7A781886E062005EAC49 /* TWAppDelegate.m */; };
		B53A7A7C1886E062005EAC49 /* Main_iPhone.storyboard in Resources */ = {isa = PBXBuildFile; fileRef = B53A7A7A1886E062005EAC49 /* Main_iPhone.storyboard */; };
		B53A7A7F1886E062005EAC49 /* Main_iPad.storyboard in Resources */ = {isa = PBXBuildFile; fileRef = B53A7A7D1886E062005EAC49 /* Main_iPad.storyboard */; };
		B53A7A821886E062005EAC49 /* TWViewController.m in Sources */ = {isa = PBXBuildFile; fileRef = B53A7A811886E062005EAC49 /* TWViewController.m */; };
		B53A7A841886E062005EAC49 /* Images.xcassets in Resources */ = {isa = PBXBuildFile; fileRef = B53A7A831886E062005EAC49 /* Images.xcassets */; };
		B53A7A8B1886E062005EAC49 /* XCTest.framework in Frameworks */ = {isa = PBXBuildFile; fileRef = B53A7A8A1886E062005EAC49 /* XCTest.framework */; };
		B53A7A8C1886E062005EAC49 /* Foundation.framework in Frameworks */ = {isa = PBXBuildFile; fileRef = B53A7A681886E062005EAC49 /* Foundation.framework */; };
		B53A7A8D1886E062005EAC49 /* UIKit.framework in Frameworks */ = {isa = PBXBuildFile; fileRef = B53A7A6C1886E062005EAC49 /* UIKit.framework */; };
		B53A7A951886E062005EAC49 /* InfoPlist.strings in Resources */ = {isa = PBXBuildFile; fileRef = B53A7A931886E062005EAC49 /* InfoPlist.strings */; };
		B53A7A971886E062005EAC49 /* HelloTests.m in Sources */ = {isa = PBXBuildFile; fileRef = B53A7A961886E062005EAC49 /* HelloTests.m */; };
		B53A7AA11886E615005EAC49 /* eightball.png in Resources */ = {isa = PBXBuildFile; fileRef = B53A7AA01886E615005EAC49 /* eightball.png */; };
/* End PBXBuildFile section */

/* Begin PBXContainerItemProxy section */
		B53A7A8E1886E062005EAC49 /* PBXContainerItemProxy */ = {
			isa = PBXContainerItemProxy;
			containerPortal = B53A7A5D1886E062005EAC49 /* Project object */;
			proxyType = 1;
			remoteGlobalIDString = B53A7A641886E062005EAC49;
			remoteInfo = Hello;
		};
/* End PBXContainerItemProxy section */

/* Begin PBXFileReference section */
		B53A7A651886E062005EAC49 /* Hello.app */ = {isa = PBXFileReference; explicitFileType = wrapper.application; includeInIndex = 0; path = Hello.app; sourceTree = BUILT_PRODUCTS_DIR; };
		B53A7A681886E062005EAC49 /* Foundation.framework */ = {isa = PBXFileReference; lastKnownFileType = wrapper.framework; name = Foundation.framework; path = System/Library/Frameworks/Foundation.framework; sourceTree = SDKROOT; };
		B53A7A6A1886E062005EAC49 /* CoreGraphics.framework */ = {isa = PBXFileReference; lastKnownFileType = wrapper.framework; name = CoreGraphics.framework; path = System/Library/Frameworks/CoreGraphics.framework; sourceTree = SDKROOT; };
		B53A7A6C1886E062005EAC49 /* UIKit.framework */ = {isa = PBXFileReference; lastKnownFileType = wrapper.framework; name = UIKit.framework; path = System/Library/Frameworks/UIKit.framework; sourceTree = SDKROOT; };
		B53A7A701886E062005EAC49 /* Hello-Info.plist */ = {isa = PBXFileReference; lastKnownFileType = text.plist.xml; path = "Hello-Info.plist"; sourceTree = "<group>"; };
		B53A7A721886E062005EAC49 /* en */ = {isa = PBXFileReference; lastKnownFileType = text.plist.strings; name = en; path = en.lproj/InfoPlist.strings; sourceTree = "<group>"; };
		B53A7A741886E062005EAC49 /* main.m */ = {isa = PBXFileReference; lastKnownFileType = sourcecode.c.objc; path = main.m; sourceTree = "<group>"; };
		B53A7A761886E062005EAC49 /* Hello-Prefix.pch */ = {isa = PBXFileReference; lastKnownFileType = sourcecode.c.h; path = "Hello-Prefix.pch"; sourceTree = "<group>"; };
		B53A7A771886E062005EAC49 /* TWAppDelegate.h */ = {isa = PBXFileReference; lastKnownFileType = sourcecode.c.h; path = TWAppDelegate.h; sourceTree = "<group>"; };
		B53A7A781886E062005EAC49 /* TWAppDelegate.m */ = {isa = PBXFileReference; lastKnownFileType = sourcecode.c.objc; path = TWAppDelegate.m; sourceTree = "<group>"; };
		B53A7A7B1886E062005EAC49 /* Base */ = {isa = PBXFileReference; lastKnownFileType = file.storyboard; name = Base; path = Base.lproj/Main_iPhone.storyboard; sourceTree = "<group>"; };
		B53A7A7E1886E062005EAC49 /* Base */ = {isa = PBXFileReference; lastKnownFileType = file.storyboard; name = Base; path = Base.lproj/Main_iPad.storyboard; sourceTree = "<group>"; };
		B53A7A801886E062005EAC49 /* TWViewController.h */ = {isa = PBXFileReference; lastKnownFileType = sourcecode.c.h; path = TWViewController.h; sourceTree = "<group>"; };
		B53A7A811886E062005EAC49 /* TWViewController.m */ = {isa = PBXFileReference; lastKnownFileType = sourcecode.c.objc; path = TWViewController.m; sourceTree = "<group>"; };
		B53A7A831886E062005EAC49 /* Images.xcassets */ = {isa = PBXFileReference; lastKnownFileType = folder.assetcatalog; path = Images.xcassets; sourceTree = "<group>"; };
		B53A7A891886E062005EAC49 /* HelloTests.xctest */ = {isa = PBXFileReference; explicitFileType = wrapper.cfbundle; includeInIndex = 0; path = HelloTests.xctest; sourceTree = BUILT_PRODUCTS_DIR; };
		B53A7A8A1886E062005EAC49 /* XCTest.framework */ = {isa = PBXFileReference; lastKnownFileType = wrapper.framework; name = XCTest.framework; path = Library/Frameworks/XCTest.framework; sourceTree = DEVELOPER_DIR; };
		B53A7A921886E062005EAC49 /* HelloTests-Info.plist */ = {isa = PBXFileReference; lastKnownFileType = text.plist.xml; path = "HelloTests-Info.plist"; sourceTree = "<group>"; };
		B53A7A941886E062005EAC49 /* en */ = {isa = PBXFileReference; lastKnownFileType = text.plist.strings; name = en; path = en.lproj/InfoPlist.strings; sourceTree = "<group>"; };
		B53A7A961886E062005EAC49 /* HelloTests.m */ = {isa = PBXFileReference; lastKnownFileType = sourcecode.c.objc; path = HelloTests.m; sourceTree = "<group>"; };
		B53A7AA01886E615005EAC49 /* eightball.png */ = {isa = PBXFileReference; lastKnownFileType = image.png; path = eightball.png; sourceTree = "<group>"; };
/* End PBXFileReference section */

/* Begin PBXFrameworksBuildPhase section */
		B53A7A621886E062005EAC49 /* Frameworks */ = {
			isa = PBXFrameworksBuildPhase;
			buildActionMask = 2147483647;
			files = (
				B53A7A6B1886E062005EAC49 /* CoreGraphics.framework in Frameworks */,
				B53A7A6D1886E062005EAC49 /* UIKit.framework in Frameworks */,
				B53A7A691886E062005EAC49 /* Foundation.framework in Frameworks */,
			);
			runOnlyForDeploymentPostprocessing = 0;
		};
		B53A7A861886E062005EAC49 /* Frameworks */ = {
			isa = PBXFrameworksBuildPhase;
			buildActionMask = 2147483647;
			files = (
				B53A7A8B1886E062005EAC49 /* XCTest.framework in Frameworks */,
				B53A7A8D1886E062005EAC49 /* UIKit.framework in Frameworks */,
				B53A7A8C1886E062005EAC49 /* Foundation.framework in Frameworks */,
			);
			runOnlyForDeploymentPostprocessing = 0;
		};
/* End PBXFrameworksBuildPhase section */

/* Begin PBXGroup section */
		B53A7A5C1886E062005EAC49 = {
			isa = PBXGroup;
			children = (
				B53A7A6E1886E062005EAC49 /* Hello */,
				B53A7A901886E062005EAC49 /* HelloTests */,
				B53A7A671886E062005EAC49 /* Frameworks */,
				B53A7A661886E062005EAC49 /* Products */,
			);
			sourceTree = "<group>";
		};
		B53A7A661886E062005EAC49 /* Products */ = {
			isa = PBXGroup;
			children = (
				B53A7A651886E062005EAC49 /* Hello.app */,
				B53A7A891886E062005EAC49 /* HelloTests.xctest */,
			);
			name = Products;
			sourceTree = "<group>";
		};
		B53A7A671886E062005EAC49 /* Frameworks */ = {
			isa = PBXGroup;
			children = (
				B53A7A681886E062005EAC49 /* Foundation.framework */,
				B53A7A6A1886E062005EAC49 /* CoreGraphics.framework */,
				B53A7A6C1886E062005EAC49 /* UIKit.framework */,
				B53A7A8A1886E062005EAC49 /* XCTest.framework */,
			);
			name = Frameworks;
			sourceTree = "<group>";
		};
		B53A7A6E1886E062005EAC49 /* Hello */ = {
			isa = PBXGroup;
			children = (
				B53A7A771886E062005EAC49 /* TWAppDelegate.h */,
				B53A7A781886E062005EAC49 /* TWAppDelegate.m */,
				B53A7A7A1886E062005EAC49 /* Main_iPhone.storyboard */,
				B53A7A7D1886E062005EAC49 /* Main_iPad.storyboard */,
				B53A7A801886E062005EAC49 /* TWViewController.h */,
				B53A7A811886E062005EAC49 /* TWViewController.m */,
				B53A7A831886E062005EAC49 /* Images.xcassets */,
				B53A7A6F1886E062005EAC49 /* Supporting Files */,
			);
			path = Hello;
			sourceTree = "<group>";
		};
		B53A7A6F1886E062005EAC49 /* Supporting Files */ = {
			isa = PBXGroup;
			children = (
				B53A7AA01886E615005EAC49 /* eightball.png */,
				B53A7A701886E062005EAC49 /* Hello-Info.plist */,
				B53A7A711886E062005EAC49 /* InfoPlist.strings */,
				B53A7A741886E062005EAC49 /* main.m */,
				B53A7A761886E062005EAC49 /* Hello-Prefix.pch */,
			);
			name = "Supporting Files";
			sourceTree = "<group>";
		};
		B53A7A901886E062005EAC49 /* HelloTests */ = {
			isa = PBXGroup;
			children = (
				B53A7A961886E062005EAC49 /* HelloTests.m */,
				B53A7A911886E062005EAC49 /* Supporting Files */,
			);
			path = HelloTests;
			sourceTree = "<group>";
		};
		B53A7A911886E062005EAC49 /* Supporting Files */ = {
			isa = PBXGroup;
			children = (
				B53A7A921886E062005EAC49 /* HelloTests-Info.plist */,
				B53A7A931886E062005EAC49 /* InfoPlist.strings */,
			);
			name = "Supporting Files";
			sourceTree = "<group>";
		};
/* End PBXGroup section */

/* Begin PBXNativeTarget section */
		B53A7A641886E062005EAC49 /* Hello */ = {
			isa = PBXNativeTarget;
			buildConfigurationList = B53A7A9A1886E062005EAC49 /* Build configuration list for PBXNativeTarget "Hello" */;
			buildPhases = (
				B53A7A611886E062005EAC49 /* Sources */,
				B53A7A621886E062005EAC49 /* Frameworks */,
				B53A7A631886E062005EAC49 /* Resources */,
			);
			buildRules = (
			);
			dependencies = (
			);
			name = Hello;
			productName = Hello;
			productReference = B53A7A651886E062005EAC49 /* Hello.app */;
			productType = "com.apple.product-type.application";
		};
		B53A7A881886E062005EAC49 /* HelloTests */ = {
			isa = PBXNativeTarget;
			buildConfigurationList = B53A7A9D1886E062005EAC49 /* Build configuration list for PBXNativeTarget "HelloTests" */;
			buildPhases = (
				B53A7A851886E062005EAC49 /* Sources */,
				B53A7A861886E062005EAC49 /* Frameworks */,
				B53A7A871886E062005EAC49 /* Resources */,
			);
			buildRules = (
			);
			dependencies = (
				B53A7A8F1886E062005EAC49 /* PBXTargetDependency */,
			);
			name = HelloTests;
			productName = HelloTests;
			productReference = B53A7A891886E062005EAC49 /* HelloTests.xctest */;
			productType = "com.apple.product-type.bundle.unit-test";
		};
/* End PBXNativeTarget section */

/* Begin PBXProject section */
		B53A7A5D1886E062005EAC49 /* Project object */ = {
			isa = PBXProject;
			attributes = {
				CLASSPREFIX = TW;
				LastUpgradeCheck = 0500;
				ORGANIZATIONNAME = com.tw;
				TargetAttributes = {
					B53A7A881886E062005EAC49 = {
						TestTargetID = B53A7A641886E062005EAC49;
					};
				};
			};
			buildConfigurationList = B53A7A601886E062005EAC49 /* Build configuration list for PBXProject "Hello" */;
			compatibilityVersion = "Xcode 3.2";
			developmentRegion = English;
			hasScannedForEncodings = 0;
			knownRegions = (
				en,
				Base,
			);
			mainGroup = B53A7A5C1886E062005EAC49;
			productRefGroup = B53A7A661886E062005EAC49 /* Products */;
			projectDirPath = "";
			projectRoot = "";
			targets = (
				B53A7A641886E062005EAC49 /* Hello */,
				B53A7A881886E062005EAC49 /* HelloTests */,
			);
		};
/* End PBXProject section */

/* Begin PBXResourcesBuildPhase section */
		B53A7A631886E062005EAC49 /* Resources */ = {
			isa = PBXResourcesBuildPhase;
			buildActionMask = 2147483647;
			files = (
				B53A7A7F1886E062005EAC49 /* Main_iPad.storyboard in Resources */,
				B53A7A841886E062005EAC49 /* Images.xcassets in Resources */,
				B53A7A7C1886E062005EAC49 /* Main_iPhone.storyboard in Resources */,
				B53A7AA11886E615005EAC49 /* eightball.png in Resources */,
				B53A7A731886E062005EAC49 /* InfoPlist.strings in Resources */,
			);
			runOnlyForDeploymentPostprocessing = 0;
		};
		B53A7A871886E062005EAC49 /* Resources */ = {
			isa = PBXResourcesBuildPhase;
			buildActionMask = 2147483647;
			files = (
				B53A7A951886E062005EAC49 /* InfoPlist.strings in Resources */,
			);
			runOnlyForDeploymentPostprocessing = 0;
		};
/* End PBXResourcesBuildPhase section */

/* Begin PBXSourcesBuildPhase section */
		B53A7A611886E062005EAC49 /* Sources */ = {
			isa = PBXSourcesBuildPhase;
			buildActionMask = 2147483647;
			files = (
				B53A7A751886E062005EAC49 /* main.m in Sources */,
				B53A7A791886E062005EAC49 /* TWAppDelegate.m in Sources */,
				B53A7A821886E062005EAC49 /* TWViewController.m in Sources */,
			);
			runOnlyForDeploymentPostprocessing = 0;
		};
		B53A7A851886E062005EAC49 /* Sources */ = {
			isa = PBXSourcesBuildPhase;
			buildActionMask = 2147483647;
			files = (
				B53A7A971886E062005EAC49 /* HelloTests.m in Sources */,
			);
			runOnlyForDeploymentPostprocessing = 0;
		};
/* End PBXSourcesBuildPhase section */

/* Begin PBXTargetDependency section */
		B53A7A8F1886E062005EAC49 /* PBXTargetDependency */ = {
			isa = PBXTargetDependency;
			target = B53A7A641886E062005EAC49 /* Hello */;
			targetProxy = B53A7A8E1886E062005EAC49 /* PBXContainerItemProxy */;
		};
/* End PBXTargetDependency section */

/* Begin PBXVariantGroup section */
		B53A7A711886E062005EAC49 /* InfoPlist.strings */ = {
			isa = PBXVariantGroup;
			children = (
				B53A7A721886E062005EAC49 /* en */,
			);
			name = InfoPlist.strings;
			sourceTree = "<group>";
		};
		B53A7A7A1886E062005EAC49 /* Main_iPhone.storyboard */ = {
			isa = PBXVariantGroup;
			children = (
				B53A7A7B1886E062005EAC49 /* Base */,
			);
			name = Main_iPhone.storyboard;
			sourceTree = "<group>";
		};
		B53A7A7D1886E062005EAC49 /* Main_iPad.storyboard */ = {
			isa = PBXVariantGroup;
			children = (
				B53A7A7E1886E062005EAC49 /* Base */,
			);
			name = Main_iPad.storyboard;
			sourceTree = "<group>";
		};
		B53A7A931886E062005EAC49 /* InfoPlist.strings */ = {
			isa = PBXVariantGroup;
			children = (
				B53A7A941886E062005EAC49 /* en */,
			);
			name = InfoPlist.strings;
			sourceTree = "<group>";
		};
/* End PBXVariantGroup section */

/* Begin XCBuildConfiguration section */
		B53A7A981886E062005EAC49 /* Debug */ = {
			isa = XCBuildConfiguration;
			buildSettings = {
				ALWAYS_SEARCH_USER_PATHS = NO;
				ARCHS = "$(ARCHS_STANDARD_INCLUDING_64_BIT)";
				CLANG_CXX_LANGUAGE_STANDARD = "gnu++0x";
				CLANG_CXX_LIBRARY = "libc++";
				CLANG_ENABLE_MODULES = YES;
				CLANG_ENABLE_OBJC_ARC = YES;
				CLANG_WARN_BOOL_CONVERSION = YES;
				CLANG_WARN_CONSTANT_CONVERSION = YES;
				CLANG_WARN_DIRECT_OBJC_ISA_USAGE = YES_ERROR;
				CLANG_WARN_EMPTY_BODY = YES;
				CLANG_WARN_ENUM_CONVERSION = YES;
				CLANG_WARN_INT_CONVERSION = YES;
				CLANG_WARN_OBJC_ROOT_CLASS = YES_ERROR;
				CLANG_WARN__DUPLICATE_METHOD_MATCH = YES;
				"CODE_SIGN_IDENTITY[sdk=iphoneos*]" = "iPhone Developer";
				COPY_PHASE_STRIP = NO;
				GCC_C_LANGUAGE_STANDARD = gnu99;
				GCC_DYNAMIC_NO_PIC = NO;
				GCC_OPTIMIZATION_LEVEL = 0;
				GCC_PREPROCESSOR_DEFINITIONS = (
					"DEBUG=1",
					"$(inherited)",
				);
				GCC_SYMBOLS_PRIVATE_EXTERN = NO;
				GCC_WARN_64_TO_32_BIT_CONVERSION = YES;
				GCC_WARN_ABOUT_RETURN_TYPE = YES_ERROR;
				GCC_WARN_UNDECLARED_SELECTOR = YES;
				GCC_WARN_UNINITIALIZED_AUTOS = YES;
				GCC_WARN_UNUSED_FUNCTION = YES;
				GCC_WARN_UNUSED_VARIABLE = YES;
				IPHONEOS_DEPLOYMENT_TARGET = 7.1;
				ONLY_ACTIVE_ARCH = YES;
				SDKROOT = iphoneos;
				TARGETED_DEVICE_FAMILY = "1,2";
			};
			name = Debug;
		};
		B53A7A991886E062005EAC49 /* Release */ = {
			isa = XCBuildConfiguration;
			buildSettings = {
				ALWAYS_SEARCH_USER_PATHS = NO;
				ARCHS = "$(ARCHS_STANDARD_INCLUDING_64_BIT)";
				CLANG_CXX_LANGUAGE_STANDARD = "gnu++0x";
				CLANG_CXX_LIBRARY = "libc++";
				CLANG_ENABLE_MODULES = YES;
				CLANG_ENABLE_OBJC_ARC = YES;
				CLANG_WARN_BOOL_CONVERSION = YES;
				CLANG_WARN_CONSTANT_CONVERSION = YES;
				CLANG_WARN_DIRECT_OBJC_ISA_USAGE = YES_ERROR;
				CLANG_WARN_EMPTY_BODY = YES;
				CLANG_WARN_ENUM_CONVERSION = YES;
				CLANG_WARN_INT_CONVERSION = YES;
				CLANG_WARN_OBJC_ROOT_CLASS = YES_ERROR;
				CLANG_WARN__DUPLICATE_METHOD_MATCH = YES;
				"CODE_SIGN_IDENTITY[sdk=iphoneos*]" = "iPhone Developer";
				COPY_PHASE_STRIP = YES;
				ENABLE_NS_ASSERTIONS = NO;
				GCC_C_LANGUAGE_STANDARD = gnu99;
				GCC_WARN_64_TO_32_BIT_CONVERSION = YES;
				GCC_WARN_ABOUT_RETURN_TYPE = YES_ERROR;
				GCC_WARN_UNDECLARED_SELECTOR = YES;
				GCC_WARN_UNINITIALIZED_AUTOS = YES;
				GCC_WARN_UNUSED_FUNCTION = YES;
				GCC_WARN_UNUSED_VARIABLE = YES;
				IPHONEOS_DEPLOYMENT_TARGET = 7.1;
				SDKROOT = iphoneos;
				TARGETED_DEVICE_FAMILY = "1,2";
				VALIDATE_PRODUCT = YES;
			};
			name = Release;
		};
		B53A7A9B1886E062005EAC49 /* Debug */ = {
			isa = XCBuildConfiguration;
			buildSettings = {
				ASSETCATALOG_COMPILER_APPICON_NAME = AppIcon;
				ASSETCATALOG_COMPILER_LAUNCHIMAGE_NAME = LaunchImage;
				GCC_PRECOMPILE_PREFIX_HEADER = YES;
				GCC_PREFIX_HEADER = "Hello/Hello-Prefix.pch";
				INFOPLIST_FILE = "Hello/Hello-Info.plist";
				PRODUCT_NAME = "$(TARGET_NAME)";
				WRAPPER_EXTENSION = app;
			};
			name = Debug;
		};
		B53A7A9C1886E062005EAC49 /* Release */ = {
			isa = XCBuildConfiguration;
			buildSettings = {
				ASSETCATALOG_COMPILER_APPICON_NAME = AppIcon;
				ASSETCATALOG_COMPILER_LAUNCHIMAGE_NAME = LaunchImage;
				GCC_PRECOMPILE_PREFIX_HEADER = YES;
				GCC_PREFIX_HEADER = "Hello/Hello-Prefix.pch";
				INFOPLIST_FILE = "Hello/Hello-Info.plist";
				PRODUCT_NAME = "$(TARGET_NAME)";
				WRAPPER_EXTENSION = app;
			};
			name = Release;
		};
		B53A7A9E1886E062005EAC49 /* Debug */ = {
			isa = XCBuildConfiguration;
			buildSettings = {
				ARCHS = "$(ARCHS_STANDARD_INCLUDING_64_BIT)";
				BUNDLE_LOADER = "$(BUILT_PRODUCTS_DIR)/Hello.app/Hello";
				FRAMEWORK_SEARCH_PATHS = (
					"$(SDKROOT)/Developer/Library/Frameworks",
					"$(inherited)",
					"$(DEVELOPER_FRAMEWORKS_DIR)",
				);
				GCC_PRECOMPILE_PREFIX_HEADER = YES;
				GCC_PREFIX_HEADER = "Hello/Hello-Prefix.pch";
				GCC_PREPROCESSOR_DEFINITIONS = (
					"DEBUG=1",
					"$(inherited)",
				);
				INFOPLIST_FILE = "HelloTests/HelloTests-Info.plist";
				PRODUCT_NAME = "$(TARGET_NAME)";
				TEST_HOST = "$(BUNDLE_LOADER)";
				WRAPPER_EXTENSION = xctest;
			};
			name = Debug;
		};
		B53A7A9F1886E062005EAC49 /* Release */ = {
			isa = XCBuildConfiguration;
			buildSettings = {
				ARCHS = "$(ARCHS_STANDARD_INCLUDING_64_BIT)";
				BUNDLE_LOADER = "$(BUILT_PRODUCTS_DIR)/Hello.app/Hello";
				FRAMEWORK_SEARCH_PATHS = (
					"$(SDKROOT)/Developer/Library/Frameworks",
					"$(inherited)",
					"$(DEVELOPER_FRAMEWORKS_DIR)",
				);
				GCC_PRECOMPILE_PREFIX_HEADER = YES;
				GCC_PREFIX_HEADER = "Hello/Hello-Prefix.pch";
				INFOPLIST_FILE = "HelloTests/HelloTests-Info.plist";
				PRODUCT_NAME = "$(TARGET_NAME)";
				TEST_HOST = "$(BUNDLE_LOADER)";
				WRAPPER_EXTENSION = xctest;
			};
			name = Release;
		};
/* End XCBuildConfiguration section */

/* Begin XCConfigurationList section */
		B53A7A601886E062005EAC49 /* Build configuration list for PBXProject "Hello" */ = {
			isa = XCConfigurationList;
			buildConfigurations = (
				B53A7A981886E062005EAC49 /* Debug */,
				B53A7A991886E062005EAC49 /* Release */,
			);
			defaultConfigurationIsVisible = 0;
			defaultConfigurationName = Release;
		};
		B53A7A9A1886E062005EAC49 /* Build configuration list for PBXNativeTarget "Hello" */ = {
			isa = XCConfigurationList;
			buildConfigurations = (
				B53A7A9B1886E062005EAC49 /* Debug */,
				B53A7A9C1886E062005EAC49 /* Release */,
			);
			defaultConfigurationIsVisible = 0;
		};
		B53A7A9D1886E062005EAC49 /* Build configuration list for PBXNativeTarget "HelloTests" */ = {
			isa = XCConfigurationList;
			buildConfigurations = (
				B53A7A9E1886E062005EAC49 /* Debug */,
				B53A7A9F1886E062005EAC49 /* Release */,
			);
			defaultConfigurationIsVisible = 0;
		};
/* End XCConfigurationList section */
	};
	rootObject = B53A7A5D1886E062005EAC49 /* Project object */;
}
